// !$*UTF8*$!
{
	archiveVersion = 1;
	classes = {
	};
	objectVersion = 46;
	objects = {

/* Begin PBXBuildFile section */
		432EE9CD1BC3F55F00D45678 /* main.m in Sources */ = {isa = PBXBuildFile; fileRef = 432EE9CC1BC3F55F00D45678 /* main.m */; };
		432EE9D01BC3F55F00D45678 /* AppDelegate.m in Sources */ = {isa = PBXBuildFile; fileRef = 432EE9CF1BC3F55F00D45678 /* AppDelegate.m */; };
		432EE9D31BC3F55F00D45678 /* ViewController.m in Sources */ = {isa = PBXBuildFile; fileRef = 432EE9D21BC3F55F00D45678 /* ViewController.m */; };
		432EE9D61BC3F55F00D45678 /* Main.storyboard in Resources */ = {isa = PBXBuildFile; fileRef = 432EE9D41BC3F55F00D45678 /* Main.storyboard */; };
		432EE9D81BC3F55F00D45678 /* Images.xcassets in Resources */ = {isa = PBXBuildFile; fileRef = 432EE9D71BC3F55F00D45678 /* Images.xcassets */; };
		432EE9DB1BC3F55F00D45678 /* LaunchScreen.xib in Resources */ = {isa = PBXBuildFile; fileRef = 432EE9D91BC3F55F00D45678 /* LaunchScreen.xib */; };
		432EE9E71BC3F55F00D45678 /* TestApp123Tests.m in Sources */ = {isa = PBXBuildFile; fileRef = 432EE9E61BC3F55F00D45678 /* TestApp123Tests.m */; };
		432EE9F21BC3F5ED00D45678 /* TestViewController.m in Sources */ = {isa = PBXBuildFile; fileRef = 432EE9F11BC3F5ED00D45678 /* TestViewController.m */; };
/* End PBXBuildFile section */

/* Begin PBXContainerItemProxy section */
		432EE9E11BC3F55F00D45678 /* PBXContainerItemProxy */ = {
			isa = PBXContainerItemProxy;
			containerPortal = 432EE9BF1BC3F55F00D45678 /* Project object */;
			proxyType = 1;
			remoteGlobalIDString = 432EE9C61BC3F55F00D45678;
			remoteInfo = TestApp123;
		};
/* End PBXContainerItemProxy section */

/* Begin PBXFileReference section */
		432EE9C71BC3F55F00D45678 /* TestApp123.app */ = {isa = PBXFileReference; explicitFileType = wrapper.application; includeInIndex = 0; path = TestApp123.app; sourceTree = BUILT_PRODUCTS_DIR; };
		432EE9CB1BC3F55F00D45678 /* Info.plist */ = {isa = PBXFileReference; lastKnownFileType = text.plist.xml; path = Info.plist; sourceTree = "<group>"; };
		432EE9CC1BC3F55F00D45678 /* main.m */ = {isa = PBXFileReference; lastKnownFileType = sourcecode.c.objc; path = main.m; sourceTree = "<group>"; };
		432EE9CE1BC3F55F00D45678 /* AppDelegate.h */ = {isa = PBXFileReference; lastKnownFileType = sourcecode.c.h; path = AppDelegate.h; sourceTree = "<group>"; };
		432EE9CF1BC3F55F00D45678 /* AppDelegate.m */ = {isa = PBXFileReference; lastKnownFileType = sourcecode.c.objc; path = AppDelegate.m; sourceTree = "<group>"; };
		432EE9D11BC3F55F00D45678 /* ViewController.h */ = {isa = PBXFileReference; lastKnownFileType = sourcecode.c.h; path = ViewController.h; sourceTree = "<group>"; };
		432EE9D21BC3F55F00D45678 /* ViewController.m */ = {isa = PBXFileReference; lastKnownFileType = sourcecode.c.objc; path = ViewController.m; sourceTree = "<group>"; };
		432EE9D51BC3F55F00D45678 /* Base */ = {isa = PBXFileReference; lastKnownFileType = file.storyboard; name = Base; path = Base.lproj/Main.storyboard; sourceTree = "<group>"; };
		432EE9D71BC3F55F00D45678 /* Images.xcassets */ = {isa = PBXFileReference; lastKnownFileType = folder.assetcatalog; path = Images.xcassets; sourceTree = "<group>"; };
		432EE9DA1BC3F55F00D45678 /* Base */ = {isa = PBXFileReference; lastKnownFileType = file.xib; name = Base; path = Base.lproj/LaunchScreen.xib; sourceTree = "<group>"; };
		432EE9E01BC3F55F00D45678 /* TestApp123Tests.xctest */ = {isa = PBXFileReference; explicitFileType = wrapper.cfbundle; includeInIndex = 0; path = TestApp123Tests.xctest; sourceTree = BUILT_PRODUCTS_DIR; };
		432EE9E51BC3F55F00D45678 /* Info.plist */ = {isa = PBXFileReference; lastKnownFileType = text.plist.xml; path = Info.plist; sourceTree = "<group>"; };
		432EE9E61BC3F55F00D45678 /* TestApp123Tests.m */ = {isa = PBXFileReference; lastKnownFileType = sourcecode.c.objc; path = TestApp123Tests.m; sourceTree = "<group>"; };
		432EE9F01BC3F5ED00D45678 /* TestViewController.h */ = {isa = PBXFileReference; fileEncoding = 4; lastKnownFileType = sourcecode.c.h; path = TestViewController.h; sourceTree = "<group>"; };
		432EE9F11BC3F5ED00D45678 /* TestViewController.m */ = {isa = PBXFileReference; fileEncoding = 4; lastKnownFileType = sourcecode.c.objc; path = TestViewController.m; sourceTree = "<group>"; };
/* End PBXFileReference section */

/* Begin PBXFrameworksBuildPhase section */
		432EE9C41BC3F55F00D45678 /* Frameworks */ = {
			isa = PBXFrameworksBuildPhase;
			buildActionMask = 2147483647;
			files = (
			);
			runOnlyForDeploymentPostprocessing = 0;
		};
		432EE9DD1BC3F55F00D45678 /* Frameworks */ = {
			isa = PBXFrameworksBuildPhase;
			buildActionMask = 2147483647;
			files = (
			);
			runOnlyForDeploymentPostprocessing = 0;
		};
/* End PBXFrameworksBuildPhase section */

/* Begin PBXGroup section */
		432EE9BE1BC3F55F00D45678 = {
			isa = PBXGroup;
			children = (
				432EE9C91BC3F55F00D45678 /* TestApp123 */,
				432EE9E31BC3F55F00D45678 /* TestApp123Tests */,
				432EE9C81BC3F55F00D45678 /* Products */,
			);
			sourceTree = "<group>";
		};
		432EE9C81BC3F55F00D45678 /* Products */ = {
			isa = PBXGroup;
			children = (
				432EE9C71BC3F55F00D45678 /* TestApp123.app */,
				432EE9E01BC3F55F00D45678 /* TestApp123Tests.xctest */,
			);
			name = Products;
			sourceTree = "<group>";
		};
		432EE9C91BC3F55F00D45678 /* TestApp123 */ = {
			isa = PBXGroup;
			children = (
				432EE9CE1BC3F55F00D45678 /* AppDelegate.h */,
				432EE9CF1BC3F55F00D45678 /* AppDelegate.m */,
				432EE9D11BC3F55F00D45678 /* ViewController.h */,
				432EE9D21BC3F55F00D45678 /* ViewController.m */,
				432EE9D41BC3F55F00D45678 /* Main.storyboard */,
				432EE9D71BC3F55F00D45678 /* Images.xcassets */,
				432EE9D91BC3F55F00D45678 /* LaunchScreen.xib */,
				432EE9CA1BC3F55F00D45678 /* Supporting Files */,
				432EE9F01BC3F5ED00D45678 /* TestViewController.h */,
				432EE9F11BC3F5ED00D45678 /* TestViewController.m */,
			);
			path = TestApp123;
			sourceTree = "<group>";
		};
		432EE9CA1BC3F55F00D45678 /* Supporting Files */ = {
			isa = PBXGroup;
			children = (
				432EE9CB1BC3F55F00D45678 /* Info.plist */,
				432EE9CC1BC3F55F00D45678 /* main.m */,
			);
			name = "Supporting Files";
			sourceTree = "<group>";
		};
		432EE9E31BC3F55F00D45678 /* TestApp123Tests */ = {
			isa = PBXGroup;
			children = (
				432EE9E61BC3F55F00D45678 /* TestApp123Tests.m */,
				432EE9E41BC3F55F00D45678 /* Supporting Files */,
			);
			path = TestApp123Tests;
			sourceTree = "<group>";
		};
		432EE9E41BC3F55F00D45678 /* Supporting Files */ = {
			isa = PBXGroup;
			children = (
				432EE9E51BC3F55F00D45678 /* Info.plist */,
			);
			name = "Supporting Files";
			sourceTree = "<group>";
		};
/* End PBXGroup section */

/* Begin PBXNativeTarget section */
		432EE9C61BC3F55F00D45678 /* TestApp123 */ = {
			isa = PBXNativeTarget;
			buildConfigurationList = 432EE9EA1BC3F55F00D45678 /* Build configuration list for PBXNativeTarget "TestApp123" */;
			buildPhases = (
				432EE9C31BC3F55F00D45678 /* Sources */,
				432EE9C41BC3F55F00D45678 /* Frameworks */,
				432EE9C51BC3F55F00D45678 /* Resources */,
			);
			buildRules = (
			);
			dependencies = (
			);
			name = TestApp123;
			productName = TestApp123;
			productReference = 432EE9C71BC3F55F00D45678 /* TestApp123.app */;
			productType = "com.apple.product-type.application";
		};
		432EE9DF1BC3F55F00D45678 /* TestApp123Tests */ = {
			isa = PBXNativeTarget;
			buildConfigurationList = 432EE9ED1BC3F55F00D45678 /* Build configuration list for PBXNativeTarget "TestApp123Tests" */;
			buildPhases = (
				432EE9DC1BC3F55F00D45678 /* Sources */,
				432EE9DD1BC3F55F00D45678 /* Frameworks */,
				432EE9DE1BC3F55F00D45678 /* Resources */,
			);
			buildRules = (
			);
			dependencies = (
				432EE9E21BC3F55F00D45678 /* PBXTargetDependency */,
			);
			name = TestApp123Tests;
			productName = TestApp123Tests;
			productReference = 432EE9E01BC3F55F00D45678 /* TestApp123Tests.xctest */;
			productType = "com.apple.product-type.bundle.unit-test";
		};
/* End PBXNativeTarget section */

/* Begin PBXProject section */
		432EE9BF1BC3F55F00D45678 /* Project object */ = {
			isa = PBXProject;
			attributes = {
				LastUpgradeCheck = 0640;
				ORGANIZATIONNAME = nate;
				TargetAttributes = {
					432EE9C61BC3F55F00D45678 = {
						CreatedOnToolsVersion = 6.4;
					};
					432EE9DF1BC3F55F00D45678 = {
						CreatedOnToolsVersion = 6.4;
						TestTargetID = 432EE9C61BC3F55F00D45678;
					};
				};
			};
			buildConfigurationList = 432EE9C21BC3F55F00D45678 /* Build configuration list for PBXProject "TestApp123" */;
			compatibilityVersion = "Xcode 3.2";
			developmentRegion = English;
			hasScannedForEncodings = 0;
			knownRegions = (
				en,
				Base,
			);
			mainGroup = 432EE9BE1BC3F55F00D45678;
			productRefGroup = 432EE9C81BC3F55F00D45678 /* Products */;
			projectDirPath = "";
			projectRoot = "";
			targets = (
				432EE9C61BC3F55F00D45678 /* TestApp123 */,
				432EE9DF1BC3F55F00D45678 /* TestApp123Tests */,
			);
		};
/* End PBXProject section */

/* Begin PBXResourcesBuildPhase section */
		432EE9C51BC3F55F00D45678 /* Resources */ = {
			isa = PBXResourcesBuildPhase;
			buildActionMask = 2147483647;
			files = (
				432EE9D61BC3F55F00D45678 /* Main.storyboard in Resources */,
				432EE9DB1BC3F55F00D45678 /* LaunchScreen.xib in Resources */,
				432EE9D81BC3F55F00D45678 /* Images.xcassets in Resources */,
			);
			runOnlyForDeploymentPostprocessing = 0;
		};
		432EE9DE1BC3F55F00D45678 /* Resources */ = {
			isa = PBXResourcesBuildPhase;
			buildActionMask = 2147483647;
			files = (
			);
			runOnlyForDeploymentPostprocessing = 0;
		};
/* End PBXResourcesBuildPhase section */

/* Begin PBXSourcesBuildPhase section */
		432EE9C31BC3F55F00D45678 /* Sources */ = {
			isa = PBXSourcesBuildPhase;
			buildActionMask = 2147483647;
			files = (
				432EE9D31BC3F55F00D45678 /* ViewController.m in Sources */,
				432EE9D01BC3F55F00D45678 /* AppDelegate.m in Sources */,
				432EE9F21BC3F5ED00D45678 /* TestViewController.m in Sources */,
				432EE9CD1BC3F55F00D45678 /* main.m in Sources */,
			);
			runOnlyForDeploymentPostprocessing = 0;
		};
		432EE9DC1BC3F55F00D45678 /* Sources */ = {
			isa = PBXSourcesBuildPhase;
			buildActionMask = 2147483647;
			files = (
				432EE9E71BC3F55F00D45678 /* TestApp123Tests.m in Sources */,
			);
			runOnlyForDeploymentPostprocessing = 0;
		};
/* End PBXSourcesBuildPhase section */

/* Begin PBXTargetDependency section */
		432EE9E21BC3F55F00D45678 /* PBXTargetDependency */ = {
			isa = PBXTargetDependency;
			target = 432EE9C61BC3F55F00D45678 /* TestApp123 */;
			targetProxy = 432EE9E11BC3F55F00D45678 /* PBXContainerItemProxy */;
		};
/* End PBXTargetDependency section */

/* Begin PBXVariantGroup section */
		432EE9D41BC3F55F00D45678 /* Main.storyboard */ = {
			isa = PBXVariantGroup;
			children = (
				432EE9D51BC3F55F00D45678 /* Base */,
			);
			name = Main.storyboard;
			sourceTree = "<group>";
		};
		432EE9D91BC3F55F00D45678 /* LaunchScreen.xib */ = {
			isa = PBXVariantGroup;
			children = (
				432EE9DA1BC3F55F00D45678 /* Base */,
			);
			name = LaunchScreen.xib;
			sourceTree = "<group>";
		};
/* End PBXVariantGroup section */

/* Begin XCBuildConfiguration section */
		432EE9E81BC3F55F00D45678 /* Debug */ = {
			isa = XCBuildConfiguration;
			buildSettings = {
				ALWAYS_SEARCH_USER_PATHS = NO;
				CLANG_CXX_LANGUAGE_STANDARD = "gnu++0x";
				CLANG_CXX_LIBRARY = "libc++";
				CLANG_ENABLE_MODULES = YES;
				CLANG_ENABLE_OBJC_ARC = YES;
				CLANG_WARN_BOOL_CONVERSION = YES;
				CLANG_WARN_CONSTANT_CONVERSION = YES;
				CLANG_WARN_DIRECT_OBJC_ISA_USAGE = YES_ERROR;
				CLANG_WARN_EMPTY_BODY = YES;
				CLANG_WARN_ENUM_CONVERSION = YES;
				CLANG_WARN_INT_CONVERSION = YES;
				CLANG_WARN_OBJC_ROOT_CLASS = YES_ERROR;
				CLANG_WARN_UNREACHABLE_CODE = YES;
				CLANG_WARN__DUPLICATE_METHOD_MATCH = YES;
				"CODE_SIGN_IDENTITY[sdk=iphoneos*]" = "iPhone Developer";
				COPY_PHASE_STRIP = NO;
				DEBUG_INFORMATION_FORMAT = "dwarf-with-dsym";
				ENABLE_STRICT_OBJC_MSGSEND = YES;
				GCC_C_LANGUAGE_STANDARD = gnu99;
				GCC_DYNAMIC_NO_PIC = NO;
				GCC_NO_COMMON_BLOCKS = YES;
				GCC_OPTIMIZATION_LEVEL = 0;
				GCC_PREPROCESSOR_DEFINITIONS = (
					"DEBUG=1",
					"$(inherited)",
				);
				GCC_SYMBOLS_PRIVATE_EXTERN = NO;
				GCC_WARN_64_TO_32_BIT_CONVERSION = YES;
				GCC_WARN_ABOUT_RETURN_TYPE = YES_ERROR;
				GCC_WARN_UNDECLARED_SELECTOR = YES;
				GCC_WARN_UNINITIALIZED_AUTOS = YES_AGGRESSIVE;
				GCC_WARN_UNUSED_FUNCTION = YES;
				GCC_WARN_UNUSED_VARIABLE = YES;
				IPHONEOS_DEPLOYMENT_TARGET = 8.4;
				MTL_ENABLE_DEBUG_INFO = YES;
				ONLY_ACTIVE_ARCH = YES;
				SDKROOT = iphoneos;
				TARGETED_DEVICE_FAMILY = "1,2";
			};
			name = Debug;
		};
		432EE9E91BC3F55F00D45678 /* Release */ = {
			isa = XCBuildConfiguration;
			buildSettings = {
				ALWAYS_SEARCH_USER_PATHS = NO;
				CLANG_CXX_LANGUAGE_STANDARD = "gnu++0x";
				CLANG_CXX_LIBRARY = "libc++";
				CLANG_ENABLE_MODULES = YES;
				CLANG_ENABLE_OBJC_ARC = YES;
				CLANG_WARN_BOOL_CONVERSION = YES;
				CLANG_WARN_CONSTANT_CONVERSION = YES;
				CLANG_WARN_DIRECT_OBJC_ISA_USAGE = YES_ERROR;
				CLANG_WARN_EMPTY_BODY = YES;
				CLANG_WARN_ENUM_CONVERSION = YES;
				CLANG_WARN_INT_CONVERSION = YES;
				CLANG_WARN_OBJC_ROOT_CLASS = YES_ERROR;
				CLANG_WARN_UNREACHABLE_CODE = YES;
				CLANG_WARN__DUPLICATE_METHOD_MATCH = YES;
				"CODE_SIGN_IDENTITY[sdk=iphoneos*]" = "iPhone Developer";
				COPY_PHASE_STRIP = NO;
				DEBUG_INFORMATION_FORMAT = "dwarf-with-dsym";
				ENABLE_NS_ASSERTIONS = NO;
				ENABLE_STRICT_OBJC_MSGSEND = YES;
				GCC_C_LANGUAGE_STANDARD = gnu99;
				GCC_NO_COMMON_BLOCKS = YES;
				GCC_WARN_64_TO_32_BIT_CONVERSION = YES;
				GCC_WARN_ABOUT_RETURN_TYPE = YES_ERROR;
				GCC_WARN_UNDECLARED_SELECTOR = YES;
				GCC_WARN_UNINITIALIZED_AUTOS = YES_AGGRESSIVE;
				GCC_WARN_UNUSED_FUNCTION = YES;
				GCC_WARN_UNUSED_VARIABLE = YES;
				IPHONEOS_DEPLOYMENT_TARGET = 8.4;
				MTL_ENABLE_DEBUG_INFO = NO;
				SDKROOT = iphoneos;
				TARGETED_DEVICE_FAMILY = "1,2";
				VALIDATE_PRODUCT = YES;
			};
			name = Release;
		};
		432EE9EB1BC3F55F00D45678 /* Debug */ = {
			isa = XCBuildConfiguration;
			buildSettings = {
				ASSETCATALOG_COMPILER_APPICON_NAME = AppIcon;
				INFOPLIST_FILE = TestApp123/Info.plist;
				LD_RUNPATH_SEARCH_PATHS = "$(inherited) @executable_path/Frameworks";
				PRODUCT_NAME = "$(TARGET_NAME)";
			};
			name = Debug;
		};
		432EE9EC1BC3F55F00D45678 /* Release */ = {
			isa = XCBuildConfiguration;
			buildSettings = {
				ASSETCATALOG_COMPILER_APPICON_NAME = AppIcon;
				INFOPLIST_FILE = TestApp123/Info.plist;
				LD_RUNPATH_SEARCH_PATHS = "$(inherited) @executable_path/Frameworks";
				PRODUCT_NAME = "$(TARGET_NAME)";
			};
			name = Release;
		};
		432EE9EE1BC3F55F00D45678 /* Debug */ = {
			isa = XCBuildConfiguration;
			buildSettings = {
				BUNDLE_LOADER = "$(TEST_HOST)";
				FRAMEWORK_SEARCH_PATHS = (
					"$(SDKROOT)/Developer/Library/Frameworks",
					"$(inherited)",
				);
				GCC_PREPROCESSOR_DEFINITIONS = (
					"DEBUG=1",
					"$(inherited)",
				);
				INFOPLIST_FILE = TestApp123Tests/Info.plist;
				LD_RUNPATH_SEARCH_PATHS = "$(inherited) @executable_path/Frameworks @loader_path/Frameworks";
				PRODUCT_NAME = "$(TARGET_NAME)";
				TEST_HOST = "$(BUILT_PRODUCTS_DIR)/TestApp123.app/TestApp123";
			};
			name = Debug;
		};
		432EE9EF1BC3F55F00D45678 /* Release */ = {
			isa = XCBuildConfiguration;
			buildSettings = {
				BUNDLE_LOADER = "$(TEST_HOST)";
				FRAMEWORK_SEARCH_PATHS = (
					"$(SDKROOT)/Developer/Library/Frameworks",
					"$(inherited)",
				);
				INFOPLIST_FILE = TestApp123Tests/Info.plist;
				LD_RUNPATH_SEARCH_PATHS = "$(inherited) @executable_path/Frameworks @loader_path/Frameworks";
				PRODUCT_NAME = "$(TARGET_NAME)";
				TEST_HOST = "$(BUILT_PRODUCTS_DIR)/TestApp123.app/TestApp123";
			};
			name = Release;
		};
/* End XCBuildConfiguration section */

/* Begin XCConfigurationList section */
		432EE9C21BC3F55F00D45678 /* Build configuration list for PBXProject "TestApp123" */ = {
			isa = XCConfigurationList;
			buildConfigurations = (
				432EE9E81BC3F55F00D45678 /* Debug */,
				432EE9E91BC3F55F00D45678 /* Release */,
			);
			defaultConfigurationIsVisible = 0;
			defaultConfigurationName = Release;
		};
		432EE9EA1BC3F55F00D45678 /* Build configuration list for PBXNativeTarget "TestApp123" */ = {
			isa = XCConfigurationList;
			buildConfigurations = (
				432EE9EB1BC3F55F00D45678 /* Debug */,
				432EE9EC1BC3F55F00D45678 /* Release */,
			);
			defaultConfigurationIsVisible = 0;
			defaultConfigurationName = Release;
		};
		432EE9ED1BC3F55F00D45678 /* Build configuration list for PBXNativeTarget "TestApp123Tests" */ = {
			isa = XCConfigurationList;
			buildConfigurations = (
				432EE9EE1BC3F55F00D45678 /* Debug */,
				432EE9EF1BC3F55F00D45678 /* Release */,
			);
			defaultConfigurationIsVisible = 0;
			defaultConfigurationName = Release;
		};
/* End XCConfigurationList section */
	};
	rootObject = 432EE9BF1BC3F55F00D45678 /* Project object */;
}
